
Microsoft Visual Studio Solution File, Format Version 12.00
# Visual Studio Version 17
VisualStudioVersion = 17.4.33205.214
MinimumVisualStudioVersion = 10.0.40219.1
Project("{FAE04EC0-301F-11D3-BF4B-00C04F79EFBC}") = "Pr2_Project", "Pr2_Project\Pr2_Project.csproj", "{EE72185C-5032-43E1-B059-0303CC02910E}"
EndProject
Global
	GlobalSection(SolutionConfigurationPlatforms) = preSolution
		Debug|Any CPU = Debug|Any CPU
		Release|Any CPU = Release|Any CPU
	EndGlobalSection
	GlobalSection(ProjectConfigurationPlatforms) = postSolution
		{EE72185C-5032-43E1-B059-0303CC02910E}.Debug|Any CPU.ActiveCfg = Debug|Any CPU
		{EE72185C-5032-43E1-B059-0303CC02910E}.Debug|Any CPU.Build.0 = Debug|Any CPU
		{EE72185C-5032-43E1-B059-0303CC02910E}.Release|Any CPU.ActiveCfg = Release|Any CPU
		{EE72185C-5032-43E1-B059-0303CC02910E}.Release|Any CPU.Build.0 = Release|Any CPU
	EndGlobalSection
	GlobalSection(SolutionProperties) = preSolution
		HideSolutionNode = FALSE
	EndGlobalSection
	GlobalSection(ExtensibilityGlobals) = postSolution
		SolutionGuid = {9A1F2A42-AC30-4290-BE5A-3B78E34CFD78}
	EndGlobalSection
EndGlobal
